{
  "originHash" : "e70cd839d7bf90c0ffcdb7aff7937279ccbbc6ebfe5af5e9d577ed2475ddd688",
  "pins" : [
    {
      "identity" : "slotkit",
      "kind" : "remoteSourceControl",
      "location" : "https://github.com/Ryu0118/SlotKit",
      "state" : {
        "revision" : "41b6144b1539dfbe2e79545797a918be8c1a9d55",
        "version" : "0.6.0"
      }
    },
    {
      "identity" : "swift-argument-parser",
      "kind" : "remoteSourceControl",
      "location" : "https://github.com/apple/swift-argument-parser",
      "state" : {
        "revision" : "ca37474853a4b5f59a22c74bfdd449b1f6bc4cc2",
        "version" : "1.8.1"
      }
    }
  ],
  "version" : 3
}
