{
  "originHash" : "3015462b1094a14000870a66e3680d5ada4a5d17510af866d42345ed9329d57b",
  "pins" : [
    {
      "identity" : "slotkit",
      "kind" : "remoteSourceControl",
      "location" : "https://github.com/Ryu0118/SlotKit",
      "state" : {
        "revision" : "4e516e75b8e4ad6674838a520f50a8909617610e",
        "version" : "0.7.0"
      }
    },
    {
      "identity" : "swift-argument-parser",
      "kind" : "remoteSourceControl",
      "location" : "https://github.com/apple/swift-argument-parser",
      "state" : {
        "revision" : "ca37474853a4b5f59a22c74bfdd449b1f6bc4cc2",
        "version" : "1.8.1"
      }
    }
  ],
  "version" : 3
}
