{
  "originHash" : "b2cec3722fcd76df8909355e97921227341c47de76ab1ced4dfdad356f585ef8",
  "pins" : [
    {
      "identity" : "slotkit",
      "kind" : "remoteSourceControl",
      "location" : "https://github.com/Ryu0118/SlotKit",
      "state" : {
        "revision" : "d2ffe39d31466400ed8cc74ddf4e7b44e2552670",
        "version" : "0.7.1"
      }
    },
    {
      "identity" : "swift-argument-parser",
      "kind" : "remoteSourceControl",
      "location" : "https://github.com/apple/swift-argument-parser",
      "state" : {
        "revision" : "ca37474853a4b5f59a22c74bfdd449b1f6bc4cc2",
        "version" : "1.8.1"
      }
    }
  ],
  "version" : 3
}
